
Microsoft Visual Studio Solution File, Format Version 12.00
# Visual Studio Version 17
VisualStudioVersion = 17.0.31903.59
MinimumVisualStudioVersion = 10.0.40219.1
Project("{FAE04EC0-301F-11D3-BF4B-00C04F79EFBC}") = "ApiCourse", "ApiCourse\ApiCourse.csproj", "{F6D01910-82C8-475F-9C84-E59347C199F2}"
EndProject
Global
	GlobalSection(SolutionConfigurationPlatforms) = preSolution
		Debug|Any CPU = Debug|Any CPU
		Release|Any CPU = Release|Any CPU
	EndGlobalSection
	GlobalSection(ProjectConfigurationPlatforms) = postSolution
		{F6D01910-82C8-475F-9C84-E59347C199F2}.Debug|Any CPU.ActiveCfg = Debug|Any CPU
		{F6D01910-82C8-475F-9C84-E59347C199F2}.Debug|Any CPU.Build.0 = Debug|Any CPU
		{F6D01910-82C8-475F-9C84-E59347C199F2}.Release|Any CPU.ActiveCfg = Release|Any CPU
		{F6D01910-82C8-475F-9C84-E59347C199F2}.Release|Any CPU.Build.0 = Release|Any CPU
	EndGlobalSection
	GlobalSection(SolutionProperties) = preSolution
		HideSolutionNode = FALSE
	EndGlobalSection
	GlobalSection(ExtensibilityGlobals) = postSolution
		SolutionGuid = {F079C317-1173-411C-8C0B-65BF9E4F4E1D}
	EndGlobalSection
EndGlobal
